
Microsoft Visual Studio Solution File, Format Version 12.00
# Visual Studio 15
VisualStudioVersion = 15.0.26124.0
MinimumVisualStudioVersion = 15.0.26124.0
Project("{2150E333-8FDC-42A3-9474-1A3956D46DE8}") = "src", "src", "{013BFA4B-CB7E-419D-8114-E647E262C9C1}"
EndProject
Project("{FAE04EC0-301F-11D3-BF4B-00C04F79EFBC}") = "Petstore", "src\Petstore\Petstore.csproj", "{36A5F28F-AE50-4D03-8F85-7DAFDF3718A2}"
EndProject
Project("{2150E333-8FDC-42A3-9474-1A3956D46DE8}") = "tests", "tests", "{91DF02D5-929A-4CC5-AB48-3CDBDC950EB8}"
EndProject
Project("{FAE04EC0-301F-11D3-BF4B-00C04F79EFBC}") = "Petstore.UnitTests", "test\Petstore.UnitTests\Petstore.UnitTests.csproj", "{CD0D3B89-4AD4-49CD-9C98-5AABAC87AE75}"
EndProject
Project("{FAE04EC0-301F-11D3-BF4B-00C04F79EFBC}") = "Petstore.IntegrationTests", "test\Petstore.IntegrationTests\Petstore.IntegrationTests.csproj", "{0140F408-F91A-4E6D-B658-4B085DC3B6C6}"
EndProject
Project("{E53339B2-1760-4266-BCC7-CA923CBCF16C}") = "docker-compose", "docker-compose.dcproj", "{449662BC-E7C5-4AF0-81D3-F1586D5A5FA5}"
EndProject
Global
	GlobalSection(SolutionConfigurationPlatforms) = preSolution
		Debug|Any CPU = Debug|Any CPU
		Debug|x64 = Debug|x64
		Debug|x86 = Debug|x86
		Release|Any CPU = Release|Any CPU
		Release|x64 = Release|x64
		Release|x86 = Release|x86
	EndGlobalSection
	GlobalSection(SolutionProperties) = preSolution
		HideSolutionNode = FALSE
	EndGlobalSection
	GlobalSection(ProjectConfigurationPlatforms) = postSolution
		{36A5F28F-AE50-4D03-8F85-7DAFDF3718A2}.Debug|Any CPU.ActiveCfg = Debug|Any CPU
		{36A5F28F-AE50-4D03-8F85-7DAFDF3718A2}.Debug|Any CPU.Build.0 = Debug|Any CPU
		{36A5F28F-AE50-4D03-8F85-7DAFDF3718A2}.Debug|x64.ActiveCfg = Debug|Any CPU
		{36A5F28F-AE50-4D03-8F85-7DAFDF3718A2}.Debug|x64.Build.0 = Debug|Any CPU
		{36A5F28F-AE50-4D03-8F85-7DAFDF3718A2}.Debug|x86.ActiveCfg = Debug|Any CPU
		{36A5F28F-AE50-4D03-8F85-7DAFDF3718A2}.Debug|x86.Build.0 = Debug|Any CPU
		{36A5F28F-AE50-4D03-8F85-7DAFDF3718A2}.Release|Any CPU.ActiveCfg = Release|Any CPU
		{36A5F28F-AE50-4D03-8F85-7DAFDF3718A2}.Release|Any CPU.Build.0 = Release|Any CPU
		{36A5F28F-AE50-4D03-8F85-7DAFDF3718A2}.Release|x64.ActiveCfg = Release|Any CPU
		{36A5F28F-AE50-4D03-8F85-7DAFDF3718A2}.Release|x64.Build.0 = Release|Any CPU
		{36A5F28F-AE50-4D03-8F85-7DAFDF3718A2}.Release|x86.ActiveCfg = Release|Any CPU
		{36A5F28F-AE50-4D03-8F85-7DAFDF3718A2}.Release|x86.Build.0 = Release|Any CPU
		{CD0D3B89-4AD4-49CD-9C98-5AABAC87AE75}.Debug|Any CPU.ActiveCfg = Debug|Any CPU
		{CD0D3B89-4AD4-49CD-9C98-5AABAC87AE75}.Debug|Any CPU.Build.0 = Debug|Any CPU
		{CD0D3B89-4AD4-49CD-9C98-5AABAC87AE75}.Debug|x64.ActiveCfg = Debug|Any CPU
		{CD0D3B89-4AD4-49CD-9C98-5AABAC87AE75}.Debug|x64.Build.0 = Debug|Any CPU
		{CD0D3B89-4AD4-49CD-9C98-5AABAC87AE75}.Debug|x86.ActiveCfg = Debug|Any CPU
		{CD0D3B89-4AD4-49CD-9C98-5AABAC87AE75}.Debug|x86.Build.0 = Debug|Any CPU
		{CD0D3B89-4AD4-49CD-9C98-5AABAC87AE75}.Release|Any CPU.ActiveCfg = Release|Any CPU
		{CD0D3B89-4AD4-49CD-9C98-5AABAC87AE75}.Release|Any CPU.Build.0 = Release|Any CPU
		{CD0D3B89-4AD4-49CD-9C98-5AABAC87AE75}.Release|x64.ActiveCfg = Release|Any CPU
		{CD0D3B89-4AD4-49CD-9C98-5AABAC87AE75}.Release|x64.Build.0 = Release|Any CPU
		{CD0D3B89-4AD4-49CD-9C98-5AABAC87AE75}.Release|x86.ActiveCfg = Release|Any CPU
		{CD0D3B89-4AD4-49CD-9C98-5AABAC87AE75}.Release|x86.Build.0 = Release|Any CPU
		{0140F408-F91A-4E6D-B658-4B085DC3B6C6}.Debug|Any CPU.ActiveCfg = Debug|Any CPU
		{0140F408-F91A-4E6D-B658-4B085DC3B6C6}.Debug|Any CPU.Build.0 = Debug|Any CPU
		{0140F408-F91A-4E6D-B658-4B085DC3B6C6}.Debug|x64.ActiveCfg = Debug|Any CPU
		{0140F408-F91A-4E6D-B658-4B085DC3B6C6}.Debug|x64.Build.0 = Debug|Any CPU
		{0140F408-F91A-4E6D-B658-4B085DC3B6C6}.Debug|x86.ActiveCfg = Debug|Any CPU
		{0140F408-F91A-4E6D-B658-4B085DC3B6C6}.Debug|x86.Build.0 = Debug|Any CPU
		{0140F408-F91A-4E6D-B658-4B085DC3B6C6}.Release|Any CPU.ActiveCfg = Release|Any CPU
		{0140F408-F91A-4E6D-B658-4B085DC3B6C6}.Release|Any CPU.Build.0 = Release|Any CPU
		{0140F408-F91A-4E6D-B658-4B085DC3B6C6}.Release|x64.ActiveCfg = Release|Any CPU
		{0140F408-F91A-4E6D-B658-4B085DC3B6C6}.Release|x64.Build.0 = Release|Any CPU
		{0140F408-F91A-4E6D-B658-4B085DC3B6C6}.Release|x86.ActiveCfg = Release|Any CPU
		{0140F408-F91A-4E6D-B658-4B085DC3B6C6}.Release|x86.Build.0 = Release|Any CPU
		{449662BC-E7C5-4AF0-81D3-F1586D5A5FA5}.Debug|Any CPU.ActiveCfg = Debug|Any CPU
		{449662BC-E7C5-4AF0-81D3-F1586D5A5FA5}.Debug|Any CPU.Build.0 = Debug|Any CPU
		{449662BC-E7C5-4AF0-81D3-F1586D5A5FA5}.Debug|x64.ActiveCfg = Debug|Any CPU
		{449662BC-E7C5-4AF0-81D3-F1586D5A5FA5}.Debug|x64.Build.0 = Debug|Any CPU
		{449662BC-E7C5-4AF0-81D3-F1586D5A5FA5}.Debug|x86.ActiveCfg = Debug|Any CPU
		{449662BC-E7C5-4AF0-81D3-F1586D5A5FA5}.Debug|x86.Build.0 = Debug|Any CPU
		{449662BC-E7C5-4AF0-81D3-F1586D5A5FA5}.Release|Any CPU.ActiveCfg = Release|Any CPU
		{449662BC-E7C5-4AF0-81D3-F1586D5A5FA5}.Release|Any CPU.Build.0 = Release|Any CPU
		{449662BC-E7C5-4AF0-81D3-F1586D5A5FA5}.Release|x64.ActiveCfg = Release|Any CPU
		{449662BC-E7C5-4AF0-81D3-F1586D5A5FA5}.Release|x64.Build.0 = Release|Any CPU
		{449662BC-E7C5-4AF0-81D3-F1586D5A5FA5}.Release|x86.ActiveCfg = Release|Any CPU
		{449662BC-E7C5-4AF0-81D3-F1586D5A5FA5}.Release|x86.Build.0 = Release|Any CPU
	EndGlobalSection
	GlobalSection(NestedProjects) = preSolution
		{36A5F28F-AE50-4D03-8F85-7DAFDF3718A2} = {013BFA4B-CB7E-419D-8114-E647E262C9C1}
		{CD0D3B89-4AD4-49CD-9C98-5AABAC87AE75} = {91DF02D5-929A-4CC5-AB48-3CDBDC950EB8}
		{0140F408-F91A-4E6D-B658-4B085DC3B6C6} = {91DF02D5-929A-4CC5-AB48-3CDBDC950EB8}
	EndGlobalSection
EndGlobal
